
Microsoft Visual Studio Solution File, Format Version 12.00
# Visual Studio Version 17
VisualStudioVersion = 17.14.36811.4 d17.14
MinimumVisualStudioVersion = 10.0.40219.1
Project("{FAE04EC0-301F-11D3-BF4B-00C04F79EFBC}") = "ClickYa.Api", "ClickYa.Api\ClickYa.Api.csproj", "{EE14F2C7-13A4-456B-9CAD-AB11CADA67E1}"
EndProject
Global
	GlobalSection(SolutionConfigurationPlatforms) = preSolution
		Debug|Any CPU = Debug|Any CPU
		Release|Any CPU = Release|Any CPU
	EndGlobalSection
	GlobalSection(ProjectConfigurationPlatforms) = postSolution
		{EE14F2C7-13A4-456B-9CAD-AB11CADA67E1}.Debug|Any CPU.ActiveCfg = Debug|Any CPU
		{EE14F2C7-13A4-456B-9CAD-AB11CADA67E1}.Debug|Any CPU.Build.0 = Debug|Any CPU
		{EE14F2C7-13A4-456B-9CAD-AB11CADA67E1}.Release|Any CPU.ActiveCfg = Release|Any CPU
		{EE14F2C7-13A4-456B-9CAD-AB11CADA67E1}.Release|Any CPU.Build.0 = Release|Any CPU
	EndGlobalSection
	GlobalSection(SolutionProperties) = preSolution
		HideSolutionNode = FALSE
	EndGlobalSection
	GlobalSection(ExtensibilityGlobals) = postSolution
		SolutionGuid = {BD6D5750-B39E-4310-8E19-12E6234507F4}
	EndGlobalSection
EndGlobal
